
Microsoft Visual Studio Solution File, Format Version 12.00
# Visual Studio Version 17
VisualStudioVersion = 17.9.34728.123
MinimumVisualStudioVersion = 10.0.40219.1
Project("{9A19103F-16F7-4668-BE54-9A1E7A4F7556}") = "CinemaBookingSystem", "CinemaBookingSystem\CinemaBookingSystem.csproj", "{19E319FC-6D4C-41D3-BC08-88B218827F5D}"
EndProject
Global
	GlobalSection(SolutionConfigurationPlatforms) = preSolution
		Debug|Any CPU = Debug|Any CPU
		Release|Any CPU = Release|Any CPU
	EndGlobalSection
	GlobalSection(ProjectConfigurationPlatforms) = postSolution
		{19E319FC-6D4C-41D3-BC08-88B218827F5D}.Debug|Any CPU.ActiveCfg = Debug|Any CPU
		{19E319FC-6D4C-41D3-BC08-88B218827F5D}.Debug|Any CPU.Build.0 = Debug|Any CPU
		{19E319FC-6D4C-41D3-BC08-88B218827F5D}.Release|Any CPU.ActiveCfg = Release|Any CPU
		{19E319FC-6D4C-41D3-BC08-88B218827F5D}.Release|Any CPU.Build.0 = Release|Any CPU
	EndGlobalSection
	GlobalSection(SolutionProperties) = preSolution
		HideSolutionNode = FALSE
	EndGlobalSection
	GlobalSection(ExtensibilityGlobals) = postSolution
		SolutionGuid = {67680120-166A-4DC2-B605-518CA97853BA}
	EndGlobalSection
EndGlobal
